
Microsoft Visual Studio Solution File, Format Version 12.00
# Visual Studio 2012
Project("{FAE04EC0-301F-11D3-BF4B-00C04F79EFBC}") = "RSA_Lib", "RSA\RSA_Lib.csproj", "{ACA2A43F-CFEC-4549-9FCB-968EFF715CA9}"
EndProject
Project("{FAE04EC0-301F-11D3-BF4B-00C04F79EFBC}") = "RsaTest", "RsaTest\RsaTest.csproj", "{05822F08-DBF2-4945-81DA-17FC2821C08F}"
EndProject
Global
	GlobalSection(SolutionConfigurationPlatforms) = preSolution
		Debug|Any CPU = Debug|Any CPU
		Release|Any CPU = Release|Any CPU
	EndGlobalSection
	GlobalSection(ProjectConfigurationPlatforms) = postSolution
		{ACA2A43F-CFEC-4549-9FCB-968EFF715CA9}.Debug|Any CPU.ActiveCfg = Debug|Any CPU
		{ACA2A43F-CFEC-4549-9FCB-968EFF715CA9}.Debug|Any CPU.Build.0 = Debug|Any CPU
		{ACA2A43F-CFEC-4549-9FCB-968EFF715CA9}.Release|Any CPU.ActiveCfg = Release|Any CPU
		{ACA2A43F-CFEC-4549-9FCB-968EFF715CA9}.Release|Any CPU.Build.0 = Release|Any CPU
		{05822F08-DBF2-4945-81DA-17FC2821C08F}.Debug|Any CPU.ActiveCfg = Debug|Any CPU
		{05822F08-DBF2-4945-81DA-17FC2821C08F}.Debug|Any CPU.Build.0 = Debug|Any CPU
		{05822F08-DBF2-4945-81DA-17FC2821C08F}.Release|Any CPU.ActiveCfg = Release|Any CPU
		{05822F08-DBF2-4945-81DA-17FC2821C08F}.Release|Any CPU.Build.0 = Release|Any CPU
	EndGlobalSection
	GlobalSection(SolutionProperties) = preSolution
		HideSolutionNode = FALSE
	EndGlobalSection
EndGlobal
